// !$*UTF8*$!
{
	archiveVersion = 1;
	classes = {
	};
	objectVersion = 48;
	objects = {

/* Begin PBXBuildFile section */
		683A6B4E1FA305280010F0A0 /* UICollectionView+HYAdd.m in Sources */ = {isa = PBXBuildFile; fileRef = 683A6B4D1FA305280010F0A0 /* UICollectionView+HYAdd.m */; };
		683A6B531FA309980010F0A0 /* HYHomeViewController.m in Sources */ = {isa = PBXBuildFile; fileRef = 683A6B521FA309980010F0A0 /* HYHomeViewController.m */; };
		683A6B581FA31DC30010F0A0 /* HYGuideViewController.m in Sources */ = {isa = PBXBuildFile; fileRef = 683A6B571FA31DC30010F0A0 /* HYGuideViewController.m */; };
		683A6B5D1FA31F3A0010F0A0 /* HYGuideGenderView.m in Sources */ = {isa = PBXBuildFile; fileRef = 683A6B5C1FA31F3A0010F0A0 /* HYGuideGenderView.m */; };
		683A6B601FA3309F0010F0A0 /* UINavigationBar+HYAdd.m in Sources */ = {isa = PBXBuildFile; fileRef = 683A6B5F1FA3309F0010F0A0 /* UINavigationBar+HYAdd.m */; };
		6841ECD21FB1635A008645E5 /* HYDatePickerView.m in Sources */ = {isa = PBXBuildFile; fileRef = 6841ECD11FB1635A008645E5 /* HYDatePickerView.m */; };
		687A78681FB3EE2400E95957 /* HYGuideFinishView.m in Sources */ = {isa = PBXBuildFile; fileRef = 687A78671FB3EE2400E95957 /* HYGuideFinishView.m */; };
		687A786B1FB429A100E95957 /* HYPlan.m in Sources */ = {isa = PBXBuildFile; fileRef = 687A786A1FB429A100E95957 /* HYPlan.m */; };
		687A78711FB4414500E95957 /* NSDate+HYAdd.m in Sources */ = {isa = PBXBuildFile; fileRef = 687A78701FB4414500E95957 /* NSDate+HYAdd.m */; };
		687A78751FB5396400E95957 /* HYMainViewController.m in Sources */ = {isa = PBXBuildFile; fileRef = 687A78741FB5396400E95957 /* HYMainViewController.m */; };
		687A78791FB5844D00E95957 /* HYDatabaseManager.m in Sources */ = {isa = PBXBuildFile; fileRef = 687A78781FB5844D00E95957 /* HYDatabaseManager.m */; };
		6887354A1FB3410100A135FC /* UIView+HYAdd.m in Sources */ = {isa = PBXBuildFile; fileRef = 688735491FB3410100A135FC /* UIView+HYAdd.m */; };
		68AA53821FA8892100CF1866 /* UIResponder+HYAdd.m in Sources */ = {isa = PBXBuildFile; fileRef = 68AA53811FA8892100CF1866 /* UIResponder+HYAdd.m */; };
		68AE5BC31FA99F17007C6FCE /* HYCacheHelper.m in Sources */ = {isa = PBXBuildFile; fileRef = 68AE5BC21FA99F17007C6FCE /* HYCacheHelper.m */; };
		68BCC4EE1FA0296700C145DA /* Assets.xcassets in Resources */ = {isa = PBXBuildFile; fileRef = 68BCC4ED1FA0296700C145DA /* Assets.xcassets */; };
		68BCC4F11FA0296700C145DA /* LaunchScreen.storyboard in Resources */ = {isa = PBXBuildFile; fileRef = 68BCC4EF1FA0296700C145DA /* LaunchScreen.storyboard */; };
		68BCC4F41FA0296700C145DA /* main.m in Sources */ = {isa = PBXBuildFile; fileRef = 68BCC4F31FA0296700C145DA /* main.m */; };
		68BCC4FD1FA02A9D00C145DA /* AppDelegate.m in Sources */ = {isa = PBXBuildFile; fileRef = 68BCC4FC1FA02A9D00C145DA /* AppDelegate.m */; };
		68C2263B1FA6D4350037B963 /* HYGuideChooseTimeView.m in Sources */ = {isa = PBXBuildFile; fileRef = 68C2263A1FA6D4350037B963 /* HYGuideChooseTimeView.m */; };
		68DB7F321FB92D490002FF0B /* HYPerformance.m in Sources */ = {isa = PBXBuildFile; fileRef = 68DB7F311FB92D490002FF0B /* HYPerformance.m */; };
		68DB7F381FB931F30002FF0B /* HYDatabaseManager+Plan.m in Sources */ = {isa = PBXBuildFile; fileRef = 68DB7F371FB931F30002FF0B /* HYDatabaseManager+Plan.m */; };
		68DB7F3B1FB932280002FF0B /* HYDatabaseManager+Performance.m in Sources */ = {isa = PBXBuildFile; fileRef = 68DB7F3A1FB932280002FF0B /* HYDatabaseManager+Performance.m */; };
		68FFA6B11FA1D8000015ED30 /* HYTimelineCollectionCell.m in Sources */ = {isa = PBXBuildFile; fileRef = 68FFA6B01FA1D8000015ED30 /* HYTimelineCollectionCell.m */; };
		EC6397D6D901A8E08CF253FE /* libPods-Fleshy.a in Frameworks */ = {isa = PBXBuildFile; fileRef = 7476600B9AD36B4742B5A640 /* libPods-Fleshy.a */; };
/* End PBXBuildFile section */

/* Begin PBXFileReference section */
		1597C86FC0BF3AE50977607D /* Pods-Fleshy.release.xcconfig */ = {isa = PBXFileReference; includeInIndex = 1; lastKnownFileType = text.xcconfig; name = "Pods-Fleshy.release.xcconfig"; path = "Pods/Target Support Files/Pods-Fleshy/Pods-Fleshy.release.xcconfig"; sourceTree = "<group>"; };
		683A6B4C1FA305280010F0A0 /* UICollectionView+HYAdd.h */ = {isa = PBXFileReference; lastKnownFileType = sourcecode.c.h; path = "UICollectionView+HYAdd.h"; sourceTree = "<group>"; };
		683A6B4D1FA305280010F0A0 /* UICollectionView+HYAdd.m */ = {isa = PBXFileReference; lastKnownFileType = sourcecode.c.objc; path = "UICollectionView+HYAdd.m"; sourceTree = "<group>"; };
		683A6B501FA307650010F0A0 /* HYComponentHeader.h */ = {isa = PBXFileReference; lastKnownFileType = sourcecode.c.h; path = HYComponentHeader.h; sourceTree = "<group>"; };
		683A6B511FA309980010F0A0 /* HYHomeViewController.h */ = {isa = PBXFileReference; lastKnownFileType = sourcecode.c.h; path = HYHomeViewController.h; sourceTree = "<group>"; };
		683A6B521FA309980010F0A0 /* HYHomeViewController.m */ = {isa = PBXFileReference; lastKnownFileType = sourcecode.c.objc; path = HYHomeViewController.m; sourceTree = "<group>"; };
		683A6B561FA31DC30010F0A0 /* HYGuideViewController.h */ = {isa = PBXFileReference; lastKnownFileType = sourcecode.c.h; path = HYGuideViewController.h; sourceTree = "<group>"; };
		683A6B571FA31DC30010F0A0 /* HYGuideViewController.m */ = {isa = PBXFileReference; lastKnownFileType = sourcecode.c.objc; path = HYGuideViewController.m; sourceTree = "<group>"; };
		683A6B5B1FA31F3A0010F0A0 /* HYGuideGenderView.h */ = {isa = PBXFileReference; lastKnownFileType = sourcecode.c.h; path = HYGuideGenderView.h; sourceTree = "<group>"; };
		683A6B5C1FA31F3A0010F0A0 /* HYGuideGenderView.m */ = {isa = PBXFileReference; lastKnownFileType = sourcecode.c.objc; path = HYGuideGenderView.m; sourceTree = "<group>"; };
		683A6B5E1FA3309F0010F0A0 /* UINavigationBar+HYAdd.h */ = {isa = PBXFileReference; lastKnownFileType = sourcecode.c.h; path = "UINavigationBar+HYAdd.h"; sourceTree = "<group>"; };
		683A6B5F1FA3309F0010F0A0 /* UINavigationBar+HYAdd.m */ = {isa = PBXFileReference; lastKnownFileType = sourcecode.c.objc; path = "UINavigationBar+HYAdd.m"; sourceTree = "<group>"; };
		6841ECD01FB1635A008645E5 /* HYDatePickerView.h */ = {isa = PBXFileReference; lastKnownFileType = sourcecode.c.h; path = HYDatePickerView.h; sourceTree = "<group>"; };
		6841ECD11FB1635A008645E5 /* HYDatePickerView.m */ = {isa = PBXFileReference; lastKnownFileType = sourcecode.c.objc; path = HYDatePickerView.m; sourceTree = "<group>"; };
		687A78661FB3EE2400E95957 /* HYGuideFinishView.h */ = {isa = PBXFileReference; lastKnownFileType = sourcecode.c.h; path = HYGuideFinishView.h; sourceTree = "<group>"; };
		687A78671FB3EE2400E95957 /* HYGuideFinishView.m */ = {isa = PBXFileReference; lastKnownFileType = sourcecode.c.objc; path = HYGuideFinishView.m; sourceTree = "<group>"; };
		687A78691FB429A100E95957 /* HYPlan.h */ = {isa = PBXFileReference; lastKnownFileType = sourcecode.c.h; path = HYPlan.h; sourceTree = "<group>"; };
		687A786A1FB429A100E95957 /* HYPlan.m */ = {isa = PBXFileReference; lastKnownFileType = sourcecode.c.objc; path = HYPlan.m; sourceTree = "<group>"; };
		687A786F1FB4414500E95957 /* NSDate+HYAdd.h */ = {isa = PBXFileReference; lastKnownFileType = sourcecode.c.h; path = "NSDate+HYAdd.h"; sourceTree = "<group>"; };
		687A78701FB4414500E95957 /* NSDate+HYAdd.m */ = {isa = PBXFileReference; lastKnownFileType = sourcecode.c.objc; path = "NSDate+HYAdd.m"; sourceTree = "<group>"; };
		687A78731FB5396400E95957 /* HYMainViewController.h */ = {isa = PBXFileReference; lastKnownFileType = sourcecode.c.h; path = HYMainViewController.h; sourceTree = "<group>"; };
		687A78741FB5396400E95957 /* HYMainViewController.m */ = {isa = PBXFileReference; lastKnownFileType = sourcecode.c.objc; path = HYMainViewController.m; sourceTree = "<group>"; };
		687A78771FB5844D00E95957 /* HYDatabaseManager.h */ = {isa = PBXFileReference; lastKnownFileType = sourcecode.c.h; path = HYDatabaseManager.h; sourceTree = "<group>"; };
		687A78781FB5844D00E95957 /* HYDatabaseManager.m */ = {isa = PBXFileReference; lastKnownFileType = sourcecode.c.objc; path = HYDatabaseManager.m; sourceTree = "<group>"; };
		688735481FB3410100A135FC /* UIView+HYAdd.h */ = {isa = PBXFileReference; lastKnownFileType = sourcecode.c.h; path = "UIView+HYAdd.h"; sourceTree = "<group>"; };
		688735491FB3410100A135FC /* UIView+HYAdd.m */ = {isa = PBXFileReference; lastKnownFileType = sourcecode.c.objc; path = "UIView+HYAdd.m"; sourceTree = "<group>"; };
		68AA53801FA8892100CF1866 /* UIResponder+HYAdd.h */ = {isa = PBXFileReference; lastKnownFileType = sourcecode.c.h; path = "UIResponder+HYAdd.h"; sourceTree = "<group>"; };
		68AA53811FA8892100CF1866 /* UIResponder+HYAdd.m */ = {isa = PBXFileReference; lastKnownFileType = sourcecode.c.objc; path = "UIResponder+HYAdd.m"; sourceTree = "<group>"; };
		68AE5BC11FA99F17007C6FCE /* HYCacheHelper.h */ = {isa = PBXFileReference; lastKnownFileType = sourcecode.c.h; path = HYCacheHelper.h; sourceTree = "<group>"; };
		68AE5BC21FA99F17007C6FCE /* HYCacheHelper.m */ = {isa = PBXFileReference; lastKnownFileType = sourcecode.c.objc; path = HYCacheHelper.m; sourceTree = "<group>"; };
		68BCC4E11FA0296600C145DA /* Fleshy.app */ = {isa = PBXFileReference; explicitFileType = wrapper.application; includeInIndex = 0; path = Fleshy.app; sourceTree = BUILT_PRODUCTS_DIR; };
		68BCC4ED1FA0296700C145DA /* Assets.xcassets */ = {isa = PBXFileReference; lastKnownFileType = folder.assetcatalog; path = Assets.xcassets; sourceTree = "<group>"; };
		68BCC4F01FA0296700C145DA /* Base */ = {isa = PBXFileReference; lastKnownFileType = file.storyboard; name = Base; path = Base.lproj/LaunchScreen.storyboard; sourceTree = "<group>"; };
		68BCC4F21FA0296700C145DA /* Info.plist */ = {isa = PBXFileReference; lastKnownFileType = text.plist.xml; path = Info.plist; sourceTree = "<group>"; };
		68BCC4F31FA0296700C145DA /* main.m */ = {isa = PBXFileReference; lastKnownFileType = sourcecode.c.objc; path = main.m; sourceTree = "<group>"; };
		68BCC4FB1FA02A9D00C145DA /* AppDelegate.h */ = {isa = PBXFileReference; fileEncoding = 4; lastKnownFileType = sourcecode.c.h; path = AppDelegate.h; sourceTree = "<group>"; };
		68BCC4FC1FA02A9D00C145DA /* AppDelegate.m */ = {isa = PBXFileReference; fileEncoding = 4; lastKnownFileType = sourcecode.c.objc; path = AppDelegate.m; sourceTree = "<group>"; };
		68BCC5041FA02EA600C145DA /* Fleshy-Prefix.pch */ = {isa = PBXFileReference; lastKnownFileType = sourcecode.c.h; path = "Fleshy-Prefix.pch"; sourceTree = "<group>"; };
		68C226391FA6D4350037B963 /* HYGuideChooseTimeView.h */ = {isa = PBXFileReference; lastKnownFileType = sourcecode.c.h; path = HYGuideChooseTimeView.h; sourceTree = "<group>"; };
		68C2263A1FA6D4350037B963 /* HYGuideChooseTimeView.m */ = {isa = PBXFileReference; lastKnownFileType = sourcecode.c.objc; path = HYGuideChooseTimeView.m; sourceTree = "<group>"; };
		68DB7F301FB92D490002FF0B /* HYPerformance.h */ = {isa = PBXFileReference; lastKnownFileType = sourcecode.c.h; path = HYPerformance.h; sourceTree = "<group>"; };
		68DB7F311FB92D490002FF0B /* HYPerformance.m */ = {isa = PBXFileReference; lastKnownFileType = sourcecode.c.objc; path = HYPerformance.m; sourceTree = "<group>"; };
		68DB7F361FB931F30002FF0B /* HYDatabaseManager+Plan.h */ = {isa = PBXFileReference; lastKnownFileType = sourcecode.c.h; path = "HYDatabaseManager+Plan.h"; sourceTree = "<group>"; };
		68DB7F371FB931F30002FF0B /* HYDatabaseManager+Plan.m */ = {isa = PBXFileReference; lastKnownFileType = sourcecode.c.objc; path = "HYDatabaseManager+Plan.m"; sourceTree = "<group>"; };
		68DB7F391FB932280002FF0B /* HYDatabaseManager+Performance.h */ = {isa = PBXFileReference; lastKnownFileType = sourcecode.c.h; path = "HYDatabaseManager+Performance.h"; sourceTree = "<group>"; };
		68DB7F3A1FB932280002FF0B /* HYDatabaseManager+Performance.m */ = {isa = PBXFileReference; lastKnownFileType = sourcecode.c.objc; path = "HYDatabaseManager+Performance.m"; sourceTree = "<group>"; };
		68FFA6AE1FA1D4960015ED30 /* HYConstantsHeader.h */ = {isa = PBXFileReference; lastKnownFileType = sourcecode.c.h; path = HYConstantsHeader.h; sourceTree = "<group>"; };
		68FFA6AF1FA1D8000015ED30 /* HYTimelineCollectionCell.h */ = {isa = PBXFileReference; lastKnownFileType = sourcecode.c.h; path = HYTimelineCollectionCell.h; sourceTree = "<group>"; };
		68FFA6B01FA1D8000015ED30 /* HYTimelineCollectionCell.m */ = {isa = PBXFileReference; lastKnownFileType = sourcecode.c.objc; path = HYTimelineCollectionCell.m; sourceTree = "<group>"; };
		7476600B9AD36B4742B5A640 /* libPods-Fleshy.a */ = {isa = PBXFileReference; explicitFileType = archive.ar; includeInIndex = 0; path = "libPods-Fleshy.a"; sourceTree = BUILT_PRODUCTS_DIR; };
		DDD49F4BC31CF4987BF54A4F /* Pods-Fleshy.debug.xcconfig */ = {isa = PBXFileReference; includeInIndex = 1; lastKnownFileType = text.xcconfig; name = "Pods-Fleshy.debug.xcconfig"; path = "Pods/Target Support Files/Pods-Fleshy/Pods-Fleshy.debug.xcconfig"; sourceTree = "<group>"; };
/* End PBXFileReference section */

/* Begin PBXFrameworksBuildPhase section */
		68BCC4DE1FA0296600C145DA /* Frameworks */ = {
			isa = PBXFrameworksBuildPhase;
			buildActionMask = 2147483647;
			files = (
				EC6397D6D901A8E08CF253FE /* libPods-Fleshy.a in Frameworks */,
			);
			runOnlyForDeploymentPostprocessing = 0;
		};
/* End PBXFrameworksBuildPhase section */

/* Begin PBXGroup section */
		03BFE5A30453F8D911B719C0 /* Frameworks */ = {
			isa = PBXGroup;
			children = (
				7476600B9AD36B4742B5A640 /* libPods-Fleshy.a */,
			);
			name = Frameworks;
			sourceTree = "<group>";
		};
		68392CEE1FAAB646004C548D /* HYAlertView */ = {
			isa = PBXGroup;
			children = (
				6841ECCF1FB1633C008645E5 /* HYDatePickView */,
			);
			path = HYAlertView;
			sourceTree = "<group>";
		};
		683A6B4B1FA304EF0010F0A0 /* Category */ = {
			isa = PBXGroup;
			children = (
				683A6B4C1FA305280010F0A0 /* UICollectionView+HYAdd.h */,
				683A6B4D1FA305280010F0A0 /* UICollectionView+HYAdd.m */,
				683A6B5E1FA3309F0010F0A0 /* UINavigationBar+HYAdd.h */,
				683A6B5F1FA3309F0010F0A0 /* UINavigationBar+HYAdd.m */,
				68AA53801FA8892100CF1866 /* UIResponder+HYAdd.h */,
				68AA53811FA8892100CF1866 /* UIResponder+HYAdd.m */,
				688735481FB3410100A135FC /* UIView+HYAdd.h */,
				688735491FB3410100A135FC /* UIView+HYAdd.m */,
				687A786F1FB4414500E95957 /* NSDate+HYAdd.h */,
				687A78701FB4414500E95957 /* NSDate+HYAdd.m */,
			);
			path = Category;
			sourceTree = "<group>";
		};
		683A6B541FA31D800010F0A0 /* Guide */ = {
			isa = PBXGroup;
			children = (
				683A6B561FA31DC30010F0A0 /* HYGuideViewController.h */,
				683A6B571FA31DC30010F0A0 /* HYGuideViewController.m */,
			);
			path = Guide;
			sourceTree = "<group>";
		};
		683A6B551FA31D9B0010F0A0 /* Home */ = {
			isa = PBXGroup;
			children = (
				683A6B511FA309980010F0A0 /* HYHomeViewController.h */,
				683A6B521FA309980010F0A0 /* HYHomeViewController.m */,
			);
			path = Home;
			sourceTree = "<group>";
		};
		683A6B591FA31DFC0010F0A0 /* Home */ = {
			isa = PBXGroup;
			children = (
				68FFA6AF1FA1D8000015ED30 /* HYTimelineCollectionCell.h */,
				68FFA6B01FA1D8000015ED30 /* HYTimelineCollectionCell.m */,
			);
			path = Home;
			sourceTree = "<group>";
		};
		683A6B5A1FA31E030010F0A0 /* Guide */ = {
			isa = PBXGroup;
			children = (
				683A6B5B1FA31F3A0010F0A0 /* HYGuideGenderView.h */,
				683A6B5C1FA31F3A0010F0A0 /* HYGuideGenderView.m */,
				68C226391FA6D4350037B963 /* HYGuideChooseTimeView.h */,
				68C2263A1FA6D4350037B963 /* HYGuideChooseTimeView.m */,
				687A78661FB3EE2400E95957 /* HYGuideFinishView.h */,
				687A78671FB3EE2400E95957 /* HYGuideFinishView.m */,
			);
			path = Guide;
			sourceTree = "<group>";
		};
		6841ECCF1FB1633C008645E5 /* HYDatePickView */ = {
			isa = PBXGroup;
			children = (
				6841ECD01FB1635A008645E5 /* HYDatePickerView.h */,
				6841ECD11FB1635A008645E5 /* HYDatePickerView.m */,
			);
			path = HYDatePickView;
			sourceTree = "<group>";
		};
		687A78721FB5394D00E95957 /* Main */ = {
			isa = PBXGroup;
			children = (
				687A78731FB5396400E95957 /* HYMainViewController.h */,
				687A78741FB5396400E95957 /* HYMainViewController.m */,
			);
			path = Main;
			sourceTree = "<group>";
		};
		687A78761FB5841300E95957 /* HYDatabaseManager */ = {
			isa = PBXGroup;
			children = (
				687A78771FB5844D00E95957 /* HYDatabaseManager.h */,
				687A78781FB5844D00E95957 /* HYDatabaseManager.m */,
			);
			path = HYDatabaseManager;
			sourceTree = "<group>";
		};
		687A787B1FB5A2B300E95957 /* Database */ = {
			isa = PBXGroup;
			children = (
				68DB7F361FB931F30002FF0B /* HYDatabaseManager+Plan.h */,
				68DB7F371FB931F30002FF0B /* HYDatabaseManager+Plan.m */,
				68DB7F391FB932280002FF0B /* HYDatabaseManager+Performance.h */,
				68DB7F3A1FB932280002FF0B /* HYDatabaseManager+Performance.m */,
			);
			path = Database;
			sourceTree = "<group>";
		};
		68AE5BB21FA99B9E007C6FCE /* Vendor */ = {
			isa = PBXGroup;
			children = (
			);
			path = Vendor;
			sourceTree = "<group>";
		};
		68AE5BC01FA99EEF007C6FCE /* HYCacheHelper */ = {
			isa = PBXGroup;
			children = (
				68AE5BC11FA99F17007C6FCE /* HYCacheHelper.h */,
				68AE5BC21FA99F17007C6FCE /* HYCacheHelper.m */,
			);
			path = HYCacheHelper;
			sourceTree = "<group>";
		};
		68BCC4D81FA0296600C145DA = {
			isa = PBXGroup;
			children = (
				68BCC4E31FA0296600C145DA /* Fleshy */,
				68BCC4E21FA0296600C145DA /* Products */,
				9CCB5B5F53FA98495C5AD72E /* Pods */,
				03BFE5A30453F8D911B719C0 /* Frameworks */,
			);
			sourceTree = "<group>";
		};
		68BCC4E21FA0296600C145DA /* Products */ = {
			isa = PBXGroup;
			children = (
				68BCC4E11FA0296600C145DA /* Fleshy.app */,
			);
			name = Products;
			sourceTree = "<group>";
		};
		68BCC4E31FA0296600C145DA /* Fleshy */ = {
			isa = PBXGroup;
			children = (
				68AE5BB21FA99B9E007C6FCE /* Vendor */,
				68FFA6AD1FA1D4760015ED30 /* Constants */,
				68BCC5051FA030A200C145DA /* Components */,
				68BCC5001FA02ADB00C145DA /* Model */,
				68BCC4FF1FA02AD100C145DA /* ViewController */,
				68BCC4FE1FA02AC500C145DA /* View */,
				68BCC4FA1FA02A8100C145DA /* AppDelegate */,
				68BCC4ED1FA0296700C145DA /* Assets.xcassets */,
				68BCC4EF1FA0296700C145DA /* LaunchScreen.storyboard */,
				68BCC4F21FA0296700C145DA /* Info.plist */,
				68BCC4F31FA0296700C145DA /* main.m */,
				68BCC5041FA02EA600C145DA /* Fleshy-Prefix.pch */,
			);
			path = Fleshy;
			sourceTree = "<group>";
		};
		68BCC4FA1FA02A8100C145DA /* AppDelegate */ = {
			isa = PBXGroup;
			children = (
				68BCC4FB1FA02A9D00C145DA /* AppDelegate.h */,
				68BCC4FC1FA02A9D00C145DA /* AppDelegate.m */,
			);
			path = AppDelegate;
			sourceTree = "<group>";
		};
		68BCC4FE1FA02AC500C145DA /* View */ = {
			isa = PBXGroup;
			children = (
				683A6B591FA31DFC0010F0A0 /* Home */,
				683A6B5A1FA31E030010F0A0 /* Guide */,
			);
			path = View;
			sourceTree = "<group>";
		};
		68BCC4FF1FA02AD100C145DA /* ViewController */ = {
			isa = PBXGroup;
			children = (
				687A78721FB5394D00E95957 /* Main */,
				683A6B551FA31D9B0010F0A0 /* Home */,
				683A6B541FA31D800010F0A0 /* Guide */,
			);
			path = ViewController;
			sourceTree = "<group>";
		};
		68BCC5001FA02ADB00C145DA /* Model */ = {
			isa = PBXGroup;
			children = (
				687A787B1FB5A2B300E95957 /* Database */,
				687A78691FB429A100E95957 /* HYPlan.h */,
				687A786A1FB429A100E95957 /* HYPlan.m */,
				68DB7F301FB92D490002FF0B /* HYPerformance.h */,
				68DB7F311FB92D490002FF0B /* HYPerformance.m */,
			);
			path = Model;
			sourceTree = "<group>";
		};
		68BCC5051FA030A200C145DA /* Components */ = {
			isa = PBXGroup;
			children = (
				687A78761FB5841300E95957 /* HYDatabaseManager */,
				68392CEE1FAAB646004C548D /* HYAlertView */,
				68AE5BC01FA99EEF007C6FCE /* HYCacheHelper */,
				683A6B4B1FA304EF0010F0A0 /* Category */,
				683A6B501FA307650010F0A0 /* HYComponentHeader.h */,
			);
			path = Components;
			sourceTree = "<group>";
		};
		68FFA6AD1FA1D4760015ED30 /* Constants */ = {
			isa = PBXGroup;
			children = (
				68FFA6AE1FA1D4960015ED30 /* HYConstantsHeader.h */,
			);
			path = Constants;
			sourceTree = "<group>";
		};
		9CCB5B5F53FA98495C5AD72E /* Pods */ = {
			isa = PBXGroup;
			children = (
				DDD49F4BC31CF4987BF54A4F /* Pods-Fleshy.debug.xcconfig */,
				1597C86FC0BF3AE50977607D /* Pods-Fleshy.release.xcconfig */,
			);
			name = Pods;
			sourceTree = "<group>";
		};
/* End PBXGroup section */

/* Begin PBXNativeTarget section */
		68BCC4E01FA0296600C145DA /* Fleshy */ = {
			isa = PBXNativeTarget;
			buildConfigurationList = 68BCC4F71FA0296700C145DA /* Build configuration list for PBXNativeTarget "Fleshy" */;
			buildPhases = (
				F2C840730C81C19DC5C8F5D2 /* [CP] Check Pods Manifest.lock */,
				68BCC4DD1FA0296600C145DA /* Sources */,
				68BCC4DE1FA0296600C145DA /* Frameworks */,
				68BCC4DF1FA0296600C145DA /* Resources */,
				0E7787C87AE8FC8084A0C0F0 /* [CP] Embed Pods Frameworks */,
				5FDA8871269BA90E33850A10 /* [CP] Copy Pods Resources */,
			);
			buildRules = (
			);
			dependencies = (
			);
			name = Fleshy;
			productName = Fleshy;
			productReference = 68BCC4E11FA0296600C145DA /* Fleshy.app */;
			productType = "com.apple.product-type.application";
		};
/* End PBXNativeTarget section */

/* Begin PBXProject section */
		68BCC4D91FA0296600C145DA /* Project object */ = {
			isa = PBXProject;
			attributes = {
				CLASSPREFIX = HY;
				LastUpgradeCheck = 0900;
				ORGANIZATIONNAME = Hyyy;
				TargetAttributes = {
					68BCC4E01FA0296600C145DA = {
						CreatedOnToolsVersion = 9.0.1;
						ProvisioningStyle = Manual;
					};
				};
			};
			buildConfigurationList = 68BCC4DC1FA0296600C145DA /* Build configuration list for PBXProject "Fleshy" */;
			compatibilityVersion = "Xcode 8.0";
			developmentRegion = en;
			hasScannedForEncodings = 0;
			knownRegions = (
				en,
				Base,
			);
			mainGroup = 68BCC4D81FA0296600C145DA;
			productRefGroup = 68BCC4E21FA0296600C145DA /* Products */;
			projectDirPath = "";
			projectRoot = "";
			targets = (
				68BCC4E01FA0296600C145DA /* Fleshy */,
			);
		};
/* End PBXProject section */

/* Begin PBXResourcesBuildPhase section */
		68BCC4DF1FA0296600C145DA /* Resources */ = {
			isa = PBXResourcesBuildPhase;
			buildActionMask = 2147483647;
			files = (
				68BCC4F11FA0296700C145DA /* LaunchScreen.storyboard in Resources */,
				68BCC4EE1FA0296700C145DA /* Assets.xcassets in Resources */,
			);
			runOnlyForDeploymentPostprocessing = 0;
		};
/* End PBXResourcesBuildPhase section */

/* Begin PBXShellScriptBuildPhase section */
		0E7787C87AE8FC8084A0C0F0 /* [CP] Embed Pods Frameworks */ = {
			isa = PBXShellScriptBuildPhase;
			buildActionMask = 2147483647;
			files = (
			);
			inputPaths = (
			);
			name = "[CP] Embed Pods Frameworks";
			outputPaths = (
			);
			runOnlyForDeploymentPostprocessing = 0;
			shellPath = /bin/sh;
			shellScript = "\"${SRCROOT}/Pods/Target Support Files/Pods-Fleshy/Pods-Fleshy-frameworks.sh\"\n";
			showEnvVarsInLog = 0;
		};
		5FDA8871269BA90E33850A10 /* [CP] Copy Pods Resources */ = {
			isa = PBXShellScriptBuildPhase;
			buildActionMask = 2147483647;
			files = (
			);
			inputPaths = (
			);
			name = "[CP] Copy Pods Resources";
			outputPaths = (
			);
			runOnlyForDeploymentPostprocessing = 0;
			shellPath = /bin/sh;
			shellScript = "\"${SRCROOT}/Pods/Target Support Files/Pods-Fleshy/Pods-Fleshy-resources.sh\"\n";
			showEnvVarsInLog = 0;
		};
		F2C840730C81C19DC5C8F5D2 /* [CP] Check Pods Manifest.lock */ = {
			isa = PBXShellScriptBuildPhase;
			buildActionMask = 2147483647;
			files = (
			);
			inputPaths = (
				"${PODS_PODFILE_DIR_PATH}/Podfile.lock",
				"${PODS_ROOT}/Manifest.lock",
			);
			name = "[CP] Check Pods Manifest.lock";
			outputPaths = (
				"$(DERIVED_FILE_DIR)/Pods-Fleshy-checkManifestLockResult.txt",
			);
			runOnlyForDeploymentPostprocessing = 0;
			shellPath = /bin/sh;
			shellScript = "diff \"${PODS_PODFILE_DIR_PATH}/Podfile.lock\" \"${PODS_ROOT}/Manifest.lock\" > /dev/null\nif [ $? != 0 ] ; then\n    # print error to STDERR\n    echo \"error: The sandbox is not in sync with the Podfile.lock. Run 'pod install' or update your CocoaPods installation.\" >&2\n    exit 1\nfi\n# This output is used by Xcode 'outputs' to avoid re-running this script phase.\necho \"SUCCESS\" > \"${SCRIPT_OUTPUT_FILE_0}\"\n";
			showEnvVarsInLog = 0;
		};
/* End PBXShellScriptBuildPhase section */

/* Begin PBXSourcesBuildPhase section */
		68BCC4DD1FA0296600C145DA /* Sources */ = {
			isa = PBXSourcesBuildPhase;
			buildActionMask = 2147483647;
			files = (
				683A6B601FA3309F0010F0A0 /* UINavigationBar+HYAdd.m in Sources */,
				68FFA6B11FA1D8000015ED30 /* HYTimelineCollectionCell.m in Sources */,
				68DB7F381FB931F30002FF0B /* HYDatabaseManager+Plan.m in Sources */,
				68BCC4F41FA0296700C145DA /* main.m in Sources */,
				68C2263B1FA6D4350037B963 /* HYGuideChooseTimeView.m in Sources */,
				687A78751FB5396400E95957 /* HYMainViewController.m in Sources */,
				683A6B4E1FA305280010F0A0 /* UICollectionView+HYAdd.m in Sources */,
				683A6B531FA309980010F0A0 /* HYHomeViewController.m in Sources */,
				6887354A1FB3410100A135FC /* UIView+HYAdd.m in Sources */,
				687A78681FB3EE2400E95957 /* HYGuideFinishView.m in Sources */,
				68AE5BC31FA99F17007C6FCE /* HYCacheHelper.m in Sources */,
				683A6B5D1FA31F3A0010F0A0 /* HYGuideGenderView.m in Sources */,
				683A6B581FA31DC30010F0A0 /* HYGuideViewController.m in Sources */,
				6841ECD21FB1635A008645E5 /* HYDatePickerView.m in Sources */,
				68BCC4FD1FA02A9D00C145DA /* AppDelegate.m in Sources */,
				687A78711FB4414500E95957 /* NSDate+HYAdd.m in Sources */,
				687A786B1FB429A100E95957 /* HYPlan.m in Sources */,
				68DB7F321FB92D490002FF0B /* HYPerformance.m in Sources */,
				68AA53821FA8892100CF1866 /* UIResponder+HYAdd.m in Sources */,
				68DB7F3B1FB932280002FF0B /* HYDatabaseManager+Performance.m in Sources */,
				687A78791FB5844D00E95957 /* HYDatabaseManager.m in Sources */,
			);
			runOnlyForDeploymentPostprocessing = 0;
		};
/* End PBXSourcesBuildPhase section */

/* Begin PBXVariantGroup section */
		68BCC4EF1FA0296700C145DA /* LaunchScreen.storyboard */ = {
			isa = PBXVariantGroup;
			children = (
				68BCC4F01FA0296700C145DA /* Base */,
			);
			name = LaunchScreen.storyboard;
			sourceTree = "<group>";
		};
/* End PBXVariantGroup section */

/* Begin XCBuildConfiguration section */
		68BCC4F51FA0296700C145DA /* Debug */ = {
			isa = XCBuildConfiguration;
			buildSettings = {
				ALWAYS_SEARCH_USER_PATHS = NO;
				CLANG_ANALYZER_NONNULL = YES;
				CLANG_ANALYZER_NUMBER_OBJECT_CONVERSION = YES_AGGRESSIVE;
				CLANG_CXX_LANGUAGE_STANDARD = "gnu++14";
				CLANG_CXX_LIBRARY = "libc++";
				CLANG_ENABLE_MODULES = YES;
				CLANG_ENABLE_OBJC_ARC = YES;
				CLANG_WARN_BLOCK_CAPTURE_AUTORELEASING = YES;
				CLANG_WARN_BOOL_CONVERSION = YES;
				CLANG_WARN_COMMA = YES;
				CLANG_WARN_CONSTANT_CONVERSION = YES;
				CLANG_WARN_DIRECT_OBJC_ISA_USAGE = YES_ERROR;
				CLANG_WARN_DOCUMENTATION_COMMENTS = YES;
				CLANG_WARN_EMPTY_BODY = YES;
				CLANG_WARN_ENUM_CONVERSION = YES;
				CLANG_WARN_INFINITE_RECURSION = YES;
				CLANG_WARN_INT_CONVERSION = YES;
				CLANG_WARN_NON_LITERAL_NULL_CONVERSION = YES;
				CLANG_WARN_OBJC_LITERAL_CONVERSION = YES;
				CLANG_WARN_OBJC_ROOT_CLASS = YES_ERROR;
				CLANG_WARN_RANGE_LOOP_ANALYSIS = YES;
				CLANG_WARN_STRICT_PROTOTYPES = YES;
				CLANG_WARN_SUSPICIOUS_MOVE = YES;
				CLANG_WARN_UNGUARDED_AVAILABILITY = YES_AGGRESSIVE;
				CLANG_WARN_UNREACHABLE_CODE = YES;
				CLANG_WARN__DUPLICATE_METHOD_MATCH = YES;
				CODE_SIGN_IDENTITY = "iPhone Developer";
				COPY_PHASE_STRIP = NO;
				DEBUG_INFORMATION_FORMAT = dwarf;
				ENABLE_STRICT_OBJC_MSGSEND = YES;
				ENABLE_TESTABILITY = YES;
				GCC_C_LANGUAGE_STANDARD = gnu11;
				GCC_DYNAMIC_NO_PIC = NO;
				GCC_NO_COMMON_BLOCKS = YES;
				GCC_OPTIMIZATION_LEVEL = 0;
				GCC_PREPROCESSOR_DEFINITIONS = (
					"DEBUG=1",
					"$(inherited)",
				);
				GCC_WARN_64_TO_32_BIT_CONVERSION = YES;
				GCC_WARN_ABOUT_RETURN_TYPE = YES_ERROR;
				GCC_WARN_UNDECLARED_SELECTOR = YES;
				GCC_WARN_UNINITIALIZED_AUTOS = YES_AGGRESSIVE;
				GCC_WARN_UNUSED_FUNCTION = YES;
				GCC_WARN_UNUSED_VARIABLE = YES;
				IPHONEOS_DEPLOYMENT_TARGET = 11.0;
				MTL_ENABLE_DEBUG_INFO = YES;
				ONLY_ACTIVE_ARCH = YES;
				SDKROOT = iphoneos;
			};
			name = Debug;
		};
		68BCC4F61FA0296700C145DA /* Release */ = {
			isa = XCBuildConfiguration;
			buildSettings = {
				ALWAYS_SEARCH_USER_PATHS = NO;
				CLANG_ANALYZER_NONNULL = YES;
				CLANG_ANALYZER_NUMBER_OBJECT_CONVERSION = YES_AGGRESSIVE;
				CLANG_CXX_LANGUAGE_STANDARD = "gnu++14";
				CLANG_CXX_LIBRARY = "libc++";
				CLANG_ENABLE_MODULES = YES;
				CLANG_ENABLE_OBJC_ARC = YES;
				CLANG_WARN_BLOCK_CAPTURE_AUTORELEASING = YES;
				CLANG_WARN_BOOL_CONVERSION = YES;
				CLANG_WARN_COMMA = YES;
				CLANG_WARN_CONSTANT_CONVERSION = YES;
				CLANG_WARN_DIRECT_OBJC_ISA_USAGE = YES_ERROR;
				CLANG_WARN_DOCUMENTATION_COMMENTS = YES;
				CLANG_WARN_EMPTY_BODY = YES;
				CLANG_WARN_ENUM_CONVERSION = YES;
				CLANG_WARN_INFINITE_RECURSION = YES;
				CLANG_WARN_INT_CONVERSION = YES;
				CLANG_WARN_NON_LITERAL_NULL_CONVERSION = YES;
				CLANG_WARN_OBJC_LITERAL_CONVERSION = YES;
				CLANG_WARN_OBJC_ROOT_CLASS = YES_ERROR;
				CLANG_WARN_RANGE_LOOP_ANALYSIS = YES;
				CLANG_WARN_STRICT_PROTOTYPES = YES;
				CLANG_WARN_SUSPICIOUS_MOVE = YES;
				CLANG_WARN_UNGUARDED_AVAILABILITY = YES_AGGRESSIVE;
				CLANG_WARN_UNREACHABLE_CODE = YES;
				CLANG_WARN__DUPLICATE_METHOD_MATCH = YES;
				CODE_SIGN_IDENTITY = "iPhone Developer";
				COPY_PHASE_STRIP = NO;
				DEBUG_INFORMATION_FORMAT = "dwarf-with-dsym";
				ENABLE_NS_ASSERTIONS = NO;
				ENABLE_STRICT_OBJC_MSGSEND = YES;
				GCC_C_LANGUAGE_STANDARD = gnu11;
				GCC_NO_COMMON_BLOCKS = YES;
				GCC_WARN_64_TO_32_BIT_CONVERSION = YES;
				GCC_WARN_ABOUT_RETURN_TYPE = YES_ERROR;
				GCC_WARN_UNDECLARED_SELECTOR = YES;
				GCC_WARN_UNINITIALIZED_AUTOS = YES_AGGRESSIVE;
				GCC_WARN_UNUSED_FUNCTION = YES;
				GCC_WARN_UNUSED_VARIABLE = YES;
				IPHONEOS_DEPLOYMENT_TARGET = 11.0;
				MTL_ENABLE_DEBUG_INFO = NO;
				SDKROOT = iphoneos;
				VALIDATE_PRODUCT = YES;
			};
			name = Release;
		};
		68BCC4F81FA0296700C145DA /* Debug */ = {
			isa = XCBuildConfiguration;
			baseConfigurationReference = DDD49F4BC31CF4987BF54A4F /* Pods-Fleshy.debug.xcconfig */;
			buildSettings = {
				"CODE_SIGN_IDENTITY[sdk=iphoneos*]" = "iPhone Developer";
				CODE_SIGN_STYLE = Manual;
				DEVELOPMENT_TEAM = 2DXV7QR3FC;
				GCC_PRECOMPILE_PREFIX_HEADER = YES;
				GCC_PREFIX_HEADER = "Fleshy/Fleshy-Prefix.pch";
				INFOPLIST_FILE = Fleshy/Info.plist;
				LD_RUNPATH_SEARCH_PATHS = "$(inherited) @executable_path/Frameworks";
				PRODUCT_BUNDLE_IDENTIFIER = com.hyyy.fleshyios;
				PRODUCT_NAME = "$(TARGET_NAME)";
				PROVISIONING_PROFILE = "68240a1c-efeb-4f4a-bc4e-b43df2de7cb2";
				PROVISIONING_PROFILE_SPECIFIER = Fleshy_Development;
				TARGETED_DEVICE_FAMILY = "1,2";
			};
			name = Debug;
		};
		68BCC4F91FA0296700C145DA /* Release */ = {
			isa = XCBuildConfiguration;
			baseConfigurationReference = 1597C86FC0BF3AE50977607D /* Pods-Fleshy.release.xcconfig */;
			buildSettings = {
				"CODE_SIGN_IDENTITY[sdk=iphoneos*]" = "iPhone Distribution";
				CODE_SIGN_STYLE = Manual;
				DEVELOPMENT_TEAM = 2DXV7QR3FC;
				GCC_PRECOMPILE_PREFIX_HEADER = YES;
				GCC_PREFIX_HEADER = "Fleshy/Fleshy-Prefix.pch";
				INFOPLIST_FILE = Fleshy/Info.plist;
				LD_RUNPATH_SEARCH_PATHS = "$(inherited) @executable_path/Frameworks";
				PRODUCT_BUNDLE_IDENTIFIER = com.hyyy.fleshyios;
				PRODUCT_NAME = "$(TARGET_NAME)";
				PROVISIONING_PROFILE = "09ff8363-11de-4e64-a976-53bcddceff08";
				PROVISIONING_PROFILE_SPECIFIER = Fleshy_Distribution;
				TARGETED_DEVICE_FAMILY = "1,2";
			};
			name = Release;
		};
/* End XCBuildConfiguration section */

/* Begin XCConfigurationList section */
		68BCC4DC1FA0296600C145DA /* Build configuration list for PBXProject "Fleshy" */ = {
			isa = XCConfigurationList;
			buildConfigurations = (
				68BCC4F51FA0296700C145DA /* Debug */,
				68BCC4F61FA0296700C145DA /* Release */,
			);
			defaultConfigurationIsVisible = 0;
			defaultConfigurationName = Release;
		};
		68BCC4F71FA0296700C145DA /* Build configuration list for PBXNativeTarget "Fleshy" */ = {
			isa = XCConfigurationList;
			buildConfigurations = (
				68BCC4F81FA0296700C145DA /* Debug */,
				68BCC4F91FA0296700C145DA /* Release */,
			);
			defaultConfigurationIsVisible = 0;
			defaultConfigurationName = Release;
		};
/* End XCConfigurationList section */
	};
	rootObject = 68BCC4D91FA0296600C145DA /* Project object */;
}
