PODS:
  - JTAppleCalendar (7.1.4)
  - Realm (3.0.2):
    - Realm/Headers (= 3.0.2)
  - Realm/Headers (3.0.2)
  - RealmSwift (3.0.2):
    - Realm (= 3.0.2)
  - SnapKit (4.0.0)
  - SwiftLint (0.24.0)

DEPENDENCIES:
  - JTAppleCalendar
  - RealmSwift
  - SnapKit
  - SwiftLint

SPEC CHECKSUMS:
  JTAppleCalendar: aaeee95e939e0b0a381fb51eb77738bd26bb10f6
  Realm: 6f23fd1f178a09342eac21bfa7c2bf4312a7a180
  RealmSwift: 695393add1b8f9d5fa75dd16e6355cf3935f71e2
  SnapKit: a42d492c16e80209130a3379f73596c3454b7694
  SwiftLint: a014c92b4664e8b13f380f8640a51bb1733778ba

PODFILE CHECKSUM: 98ffe99e1fcaee36a38d0dfba78673cbf3309c4a

COCOAPODS: 1.3.1
